
Microsoft Visual Studio Solution File, Format Version 12.00
# Visual Studio Version 17
VisualStudioVersion = 17.1.32421.90
MinimumVisualStudioVersion = 10.0.40219.1
Project("{9A19103F-16F7-4668-BE54-9A1E7A4F7556}") = "EFrameworkCodeFirst.Lesson", "EFramework.Lesson\EFrameworkCodeFirst.Lesson.csproj", "{860E1B74-C38C-455E-B62C-B374BE171401}"
EndProject
Global
	GlobalSection(SolutionConfigurationPlatforms) = preSolution
		Debug|Any CPU = Debug|Any CPU
		Release|Any CPU = Release|Any CPU
	EndGlobalSection
	GlobalSection(ProjectConfigurationPlatforms) = postSolution
		{860E1B74-C38C-455E-B62C-B374BE171401}.Debug|Any CPU.ActiveCfg = Debug|Any CPU
		{860E1B74-C38C-455E-B62C-B374BE171401}.Debug|Any CPU.Build.0 = Debug|Any CPU
		{860E1B74-C38C-455E-B62C-B374BE171401}.Release|Any CPU.ActiveCfg = Release|Any CPU
		{860E1B74-C38C-455E-B62C-B374BE171401}.Release|Any CPU.Build.0 = Release|Any CPU
	EndGlobalSection
	GlobalSection(SolutionProperties) = preSolution
		HideSolutionNode = FALSE
	EndGlobalSection
	GlobalSection(ExtensibilityGlobals) = postSolution
		SolutionGuid = {A09AA4ED-B93C-4529-ABB3-C5DFFC1DB8FF}
	EndGlobalSection
EndGlobal
